
Microsoft Visual Studio Solution File, Format Version 12.00
# Visual Studio 15
VisualStudioVersion = 15.0.27428.2015
MinimumVisualStudioVersion = 10.0.40219.1
Project("{FAE04EC0-301F-11D3-BF4B-00C04F79EFBC}") = "MovieRatingApi.Fake", "MovieRatingApi.Fake\MovieRatingApi.Fake.csproj", "{E44C846F-0D1D-409C-A9D4-12BD05B51276}"
EndProject
Global
	GlobalSection(SolutionConfigurationPlatforms) = preSolution
		Debug|Any CPU = Debug|Any CPU
		Release|Any CPU = Release|Any CPU
	EndGlobalSection
	GlobalSection(ProjectConfigurationPlatforms) = postSolution
		{E44C846F-0D1D-409C-A9D4-12BD05B51276}.Debug|Any CPU.ActiveCfg = Debug|Any CPU
		{E44C846F-0D1D-409C-A9D4-12BD05B51276}.Debug|Any CPU.Build.0 = Debug|Any CPU
		{E44C846F-0D1D-409C-A9D4-12BD05B51276}.Release|Any CPU.ActiveCfg = Release|Any CPU
		{E44C846F-0D1D-409C-A9D4-12BD05B51276}.Release|Any CPU.Build.0 = Release|Any CPU
	EndGlobalSection
	GlobalSection(SolutionProperties) = preSolution
		HideSolutionNode = FALSE
	EndGlobalSection
	GlobalSection(ExtensibilityGlobals) = postSolution
		SolutionGuid = {100BE2B2-D9D2-4F63-BC64-0DCFF4878B4F}
	EndGlobalSection
EndGlobal
