
Microsoft Visual Studio Solution File, Format Version 12.00
# Visual Studio 15
VisualStudioVersion = 15.0.27428.2015
MinimumVisualStudioVersion = 10.0.40219.1
Project("{9A19103F-16F7-4668-BE54-9A1E7A4F7556}") = "MovieRatingAPI", "MovieRatingAPI.csproj", "{F61D07C5-E916-464E-9FAC-D4E7FA3AEB22}"
EndProject
Global
	GlobalSection(SolutionConfigurationPlatforms) = preSolution
		Debug|Any CPU = Debug|Any CPU
		Release|Any CPU = Release|Any CPU
	EndGlobalSection
	GlobalSection(ProjectConfigurationPlatforms) = postSolution
		{F61D07C5-E916-464E-9FAC-D4E7FA3AEB22}.Debug|Any CPU.ActiveCfg = Debug|Any CPU
		{F61D07C5-E916-464E-9FAC-D4E7FA3AEB22}.Debug|Any CPU.Build.0 = Debug|Any CPU
		{F61D07C5-E916-464E-9FAC-D4E7FA3AEB22}.Release|Any CPU.ActiveCfg = Release|Any CPU
		{F61D07C5-E916-464E-9FAC-D4E7FA3AEB22}.Release|Any CPU.Build.0 = Release|Any CPU
	EndGlobalSection
	GlobalSection(SolutionProperties) = preSolution
		HideSolutionNode = FALSE
	EndGlobalSection
	GlobalSection(ExtensibilityGlobals) = postSolution
		SolutionGuid = {9949EE77-C00D-4500-AFA9-A165B05BBD22}
	EndGlobalSection
EndGlobal
